// !$*UTF8*$!
{
	archiveVersion = 1;
	classes = {
	};
	objectVersion = 50;
	objects = {

/* Begin PBXBuildFile section */
		FDFE68E7227FFCC20045C1BC /* AppDelegate.m in Sources */ = {isa = PBXBuildFile; fileRef = FDFE68E6227FFCC20045C1BC /* AppDelegate.m */; };
		FDFE68EA227FFCC20045C1BC /* ViewController.m in Sources */ = {isa = PBXBuildFile; fileRef = FDFE68E9227FFCC20045C1BC /* ViewController.m */; };
		FDFE68ED227FFCC20045C1BC /* Main.storyboard in Resources */ = {isa = PBXBuildFile; fileRef = FDFE68EB227FFCC20045C1BC /* Main.storyboard */; };
		FDFE68EF227FFCC40045C1BC /* Assets.xcassets in Resources */ = {isa = PBXBuildFile; fileRef = FDFE68EE227FFCC40045C1BC /* Assets.xcassets */; };
		FDFE68F2227FFCC40045C1BC /* LaunchScreen.storyboard in Resources */ = {isa = PBXBuildFile; fileRef = FDFE68F0227FFCC40045C1BC /* LaunchScreen.storyboard */; };
		FDFE68F5227FFCC40045C1BC /* main.m in Sources */ = {isa = PBXBuildFile; fileRef = FDFE68F4227FFCC40045C1BC /* main.m */; };
		FDFE68FF227FFCC40045C1BC /* _9______Tests.m in Sources */ = {isa = PBXBuildFile; fileRef = FDFE68FE227FFCC40045C1BC /* _9______Tests.m */; };
		FDFE690A227FFCC40045C1BC /* _9______UITests.m in Sources */ = {isa = PBXBuildFile; fileRef = FDFE6909227FFCC40045C1BC /* _9______UITests.m */; };
		FDFE6919227FFCEA0045C1BC /* JCHook.m in Sources */ = {isa = PBXBuildFile; fileRef = FDFE6918227FFCEA0045C1BC /* JCHook.m */; };
		FDFE691C227FFE160045C1BC /* JCBaseViewController.m in Sources */ = {isa = PBXBuildFile; fileRef = FDFE691B227FFE160045C1BC /* JCBaseViewController.m */; };
		FDFE691F228009EB0045C1BC /* JCBaseButton.m in Sources */ = {isa = PBXBuildFile; fileRef = FDFE691E228009EB0045C1BC /* JCBaseButton.m */; };
		FDFE692222800DD80045C1BC /* FirstViewController.m in Sources */ = {isa = PBXBuildFile; fileRef = FDFE692122800DD80045C1BC /* FirstViewController.m */; };
		FDFE692522800DE40045C1BC /* SecondViewController.m in Sources */ = {isa = PBXBuildFile; fileRef = FDFE692422800DE40045C1BC /* SecondViewController.m */; };
		FDFE692822800DF90045C1BC /* ThirdViewController.m in Sources */ = {isa = PBXBuildFile; fileRef = FDFE692722800DF90045C1BC /* ThirdViewController.m */; };
		FDFE692B22800F310045C1BC /* JCCommonViewController.m in Sources */ = {isa = PBXBuildFile; fileRef = FDFE692A22800F310045C1BC /* JCCommonViewController.m */; };
		FDFE692E22801F9C0045C1BC /* JCBaseTableView.m in Sources */ = {isa = PBXBuildFile; fileRef = FDFE692D22801F9C0045C1BC /* JCBaseTableView.m */; };
/* End PBXBuildFile section */

/* Begin PBXContainerItemProxy section */
		FDFE68FB227FFCC40045C1BC /* PBXContainerItemProxy */ = {
			isa = PBXContainerItemProxy;
			containerPortal = FDFE68DA227FFCC20045C1BC /* Project object */;
			proxyType = 1;
			remoteGlobalIDString = FDFE68E1227FFCC20045C1BC;
			remoteInfo = "09-无侵入埋点";
		};
		FDFE6906227FFCC40045C1BC /* PBXContainerItemProxy */ = {
			isa = PBXContainerItemProxy;
			containerPortal = FDFE68DA227FFCC20045C1BC /* Project object */;
			proxyType = 1;
			remoteGlobalIDString = FDFE68E1227FFCC20045C1BC;
			remoteInfo = "09-无侵入埋点";
		};
/* End PBXContainerItemProxy section */

/* Begin PBXFileReference section */
		FDFE68E2227FFCC20045C1BC /* 09-无侵入埋点.app */ = {isa = PBXFileReference; explicitFileType = wrapper.application; includeInIndex = 0; path = "09-无侵入埋点.app"; sourceTree = BUILT_PRODUCTS_DIR; };
		FDFE68E5227FFCC20045C1BC /* AppDelegate.h */ = {isa = PBXFileReference; lastKnownFileType = sourcecode.c.h; path = AppDelegate.h; sourceTree = "<group>"; };
		FDFE68E6227FFCC20045C1BC /* AppDelegate.m */ = {isa = PBXFileReference; lastKnownFileType = sourcecode.c.objc; path = AppDelegate.m; sourceTree = "<group>"; };
		FDFE68E8227FFCC20045C1BC /* ViewController.h */ = {isa = PBXFileReference; lastKnownFileType = sourcecode.c.h; path = ViewController.h; sourceTree = "<group>"; };
		FDFE68E9227FFCC20045C1BC /* ViewController.m */ = {isa = PBXFileReference; lastKnownFileType = sourcecode.c.objc; path = ViewController.m; sourceTree = "<group>"; };
		FDFE68EC227FFCC20045C1BC /* Base */ = {isa = PBXFileReference; lastKnownFileType = file.storyboard; name = Base; path = Base.lproj/Main.storyboard; sourceTree = "<group>"; };
		FDFE68EE227FFCC40045C1BC /* Assets.xcassets */ = {isa = PBXFileReference; lastKnownFileType = folder.assetcatalog; path = Assets.xcassets; sourceTree = "<group>"; };
		FDFE68F1227FFCC40045C1BC /* Base */ = {isa = PBXFileReference; lastKnownFileType = file.storyboard; name = Base; path = Base.lproj/LaunchScreen.storyboard; sourceTree = "<group>"; };
		FDFE68F3227FFCC40045C1BC /* Info.plist */ = {isa = PBXFileReference; lastKnownFileType = text.plist.xml; path = Info.plist; sourceTree = "<group>"; };
		FDFE68F4227FFCC40045C1BC /* main.m */ = {isa = PBXFileReference; lastKnownFileType = sourcecode.c.objc; path = main.m; sourceTree = "<group>"; };
		FDFE68FA227FFCC40045C1BC /* 09-无侵入埋点Tests.xctest */ = {isa = PBXFileReference; explicitFileType = wrapper.cfbundle; includeInIndex = 0; path = "09-无侵入埋点Tests.xctest"; sourceTree = BUILT_PRODUCTS_DIR; };
		FDFE68FE227FFCC40045C1BC /* _9______Tests.m */ = {isa = PBXFileReference; lastKnownFileType = sourcecode.c.objc; path = "_9______Tests.m"; sourceTree = "<group>"; };
		FDFE6900227FFCC40045C1BC /* Info.plist */ = {isa = PBXFileReference; lastKnownFileType = text.plist.xml; path = Info.plist; sourceTree = "<group>"; };
		FDFE6905227FFCC40045C1BC /* 09-无侵入埋点UITests.xctest */ = {isa = PBXFileReference; explicitFileType = wrapper.cfbundle; includeInIndex = 0; path = "09-无侵入埋点UITests.xctest"; sourceTree = BUILT_PRODUCTS_DIR; };
		FDFE6909227FFCC40045C1BC /* _9______UITests.m */ = {isa = PBXFileReference; lastKnownFileType = sourcecode.c.objc; path = "_9______UITests.m"; sourceTree = "<group>"; };
		FDFE690B227FFCC40045C1BC /* Info.plist */ = {isa = PBXFileReference; lastKnownFileType = text.plist.xml; path = Info.plist; sourceTree = "<group>"; };
		FDFE6917227FFCEA0045C1BC /* JCHook.h */ = {isa = PBXFileReference; lastKnownFileType = sourcecode.c.h; path = JCHook.h; sourceTree = "<group>"; };
		FDFE6918227FFCEA0045C1BC /* JCHook.m */ = {isa = PBXFileReference; lastKnownFileType = sourcecode.c.objc; path = JCHook.m; sourceTree = "<group>"; };
		FDFE691A227FFE160045C1BC /* JCBaseViewController.h */ = {isa = PBXFileReference; lastKnownFileType = sourcecode.c.h; path = JCBaseViewController.h; sourceTree = "<group>"; };
		FDFE691B227FFE160045C1BC /* JCBaseViewController.m */ = {isa = PBXFileReference; lastKnownFileType = sourcecode.c.objc; path = JCBaseViewController.m; sourceTree = "<group>"; };
		FDFE691D228009EB0045C1BC /* JCBaseButton.h */ = {isa = PBXFileReference; lastKnownFileType = sourcecode.c.h; path = JCBaseButton.h; sourceTree = "<group>"; };
		FDFE691E228009EB0045C1BC /* JCBaseButton.m */ = {isa = PBXFileReference; lastKnownFileType = sourcecode.c.objc; path = JCBaseButton.m; sourceTree = "<group>"; };
		FDFE692022800DD80045C1BC /* FirstViewController.h */ = {isa = PBXFileReference; lastKnownFileType = sourcecode.c.h; path = FirstViewController.h; sourceTree = "<group>"; };
		FDFE692122800DD80045C1BC /* FirstViewController.m */ = {isa = PBXFileReference; lastKnownFileType = sourcecode.c.objc; path = FirstViewController.m; sourceTree = "<group>"; };
		FDFE692322800DE40045C1BC /* SecondViewController.h */ = {isa = PBXFileReference; lastKnownFileType = sourcecode.c.h; path = SecondViewController.h; sourceTree = "<group>"; };
		FDFE692422800DE40045C1BC /* SecondViewController.m */ = {isa = PBXFileReference; lastKnownFileType = sourcecode.c.objc; path = SecondViewController.m; sourceTree = "<group>"; };
		FDFE692622800DF90045C1BC /* ThirdViewController.h */ = {isa = PBXFileReference; lastKnownFileType = sourcecode.c.h; path = ThirdViewController.h; sourceTree = "<group>"; };
		FDFE692722800DF90045C1BC /* ThirdViewController.m */ = {isa = PBXFileReference; lastKnownFileType = sourcecode.c.objc; path = ThirdViewController.m; sourceTree = "<group>"; };
		FDFE692922800F310045C1BC /* JCCommonViewController.h */ = {isa = PBXFileReference; lastKnownFileType = sourcecode.c.h; path = JCCommonViewController.h; sourceTree = "<group>"; };
		FDFE692A22800F310045C1BC /* JCCommonViewController.m */ = {isa = PBXFileReference; lastKnownFileType = sourcecode.c.objc; path = JCCommonViewController.m; sourceTree = "<group>"; };
		FDFE692C22801F9C0045C1BC /* JCBaseTableView.h */ = {isa = PBXFileReference; lastKnownFileType = sourcecode.c.h; path = JCBaseTableView.h; sourceTree = "<group>"; };
		FDFE692D22801F9C0045C1BC /* JCBaseTableView.m */ = {isa = PBXFileReference; lastKnownFileType = sourcecode.c.objc; path = JCBaseTableView.m; sourceTree = "<group>"; };
/* End PBXFileReference section */

/* Begin PBXFrameworksBuildPhase section */
		FDFE68DF227FFCC20045C1BC /* Frameworks */ = {
			isa = PBXFrameworksBuildPhase;
			buildActionMask = 2147483647;
			files = (
			);
			runOnlyForDeploymentPostprocessing = 0;
		};
		FDFE68F7227FFCC40045C1BC /* Frameworks */ = {
			isa = PBXFrameworksBuildPhase;
			buildActionMask = 2147483647;
			files = (
			);
			runOnlyForDeploymentPostprocessing = 0;
		};
		FDFE6902227FFCC40045C1BC /* Frameworks */ = {
			isa = PBXFrameworksBuildPhase;
			buildActionMask = 2147483647;
			files = (
			);
			runOnlyForDeploymentPostprocessing = 0;
		};
/* End PBXFrameworksBuildPhase section */

/* Begin PBXGroup section */
		FDFE68D9227FFCC20045C1BC = {
			isa = PBXGroup;
			children = (
				FDFE68E4227FFCC20045C1BC /* 09-无侵入埋点 */,
				FDFE68FD227FFCC40045C1BC /* 09-无侵入埋点Tests */,
				FDFE6908227FFCC40045C1BC /* 09-无侵入埋点UITests */,
				FDFE68E3227FFCC20045C1BC /* Products */,
			);
			sourceTree = "<group>";
		};
		FDFE68E3227FFCC20045C1BC /* Products */ = {
			isa = PBXGroup;
			children = (
				FDFE68E2227FFCC20045C1BC /* 09-无侵入埋点.app */,
				FDFE68FA227FFCC40045C1BC /* 09-无侵入埋点Tests.xctest */,
				FDFE6905227FFCC40045C1BC /* 09-无侵入埋点UITests.xctest */,
			);
			name = Products;
			sourceTree = "<group>";
		};
		FDFE68E4227FFCC20045C1BC /* 09-无侵入埋点 */ = {
			isa = PBXGroup;
			children = (
				FDFE68E5227FFCC20045C1BC /* AppDelegate.h */,
				FDFE68E6227FFCC20045C1BC /* AppDelegate.m */,
				FDFE68E8227FFCC20045C1BC /* ViewController.h */,
				FDFE68E9227FFCC20045C1BC /* ViewController.m */,
				FDFE692922800F310045C1BC /* JCCommonViewController.h */,
				FDFE692A22800F310045C1BC /* JCCommonViewController.m */,
				FDFE692022800DD80045C1BC /* FirstViewController.h */,
				FDFE692122800DD80045C1BC /* FirstViewController.m */,
				FDFE692322800DE40045C1BC /* SecondViewController.h */,
				FDFE692422800DE40045C1BC /* SecondViewController.m */,
				FDFE692622800DF90045C1BC /* ThirdViewController.h */,
				FDFE692722800DF90045C1BC /* ThirdViewController.m */,
				FDFE6917227FFCEA0045C1BC /* JCHook.h */,
				FDFE6918227FFCEA0045C1BC /* JCHook.m */,
				FDFE691A227FFE160045C1BC /* JCBaseViewController.h */,
				FDFE691B227FFE160045C1BC /* JCBaseViewController.m */,
				FDFE691D228009EB0045C1BC /* JCBaseButton.h */,
				FDFE691E228009EB0045C1BC /* JCBaseButton.m */,
				FDFE692C22801F9C0045C1BC /* JCBaseTableView.h */,
				FDFE692D22801F9C0045C1BC /* JCBaseTableView.m */,
				FDFE68EB227FFCC20045C1BC /* Main.storyboard */,
				FDFE68EE227FFCC40045C1BC /* Assets.xcassets */,
				FDFE68F0227FFCC40045C1BC /* LaunchScreen.storyboard */,
				FDFE68F3227FFCC40045C1BC /* Info.plist */,
				FDFE68F4227FFCC40045C1BC /* main.m */,
			);
			path = "09-无侵入埋点";
			sourceTree = "<group>";
		};
		FDFE68FD227FFCC40045C1BC /* 09-无侵入埋点Tests */ = {
			isa = PBXGroup;
			children = (
				FDFE68FE227FFCC40045C1BC /* _9______Tests.m */,
				FDFE6900227FFCC40045C1BC /* Info.plist */,
			);
			path = "09-无侵入埋点Tests";
			sourceTree = "<group>";
		};
		FDFE6908227FFCC40045C1BC /* 09-无侵入埋点UITests */ = {
			isa = PBXGroup;
			children = (
				FDFE6909227FFCC40045C1BC /* _9______UITests.m */,
				FDFE690B227FFCC40045C1BC /* Info.plist */,
			);
			path = "09-无侵入埋点UITests";
			sourceTree = "<group>";
		};
/* End PBXGroup section */

/* Begin PBXNativeTarget section */
		FDFE68E1227FFCC20045C1BC /* 09-无侵入埋点 */ = {
			isa = PBXNativeTarget;
			buildConfigurationList = FDFE690E227FFCC40045C1BC /* Build configuration list for PBXNativeTarget "09-无侵入埋点" */;
			buildPhases = (
				FDFE68DE227FFCC20045C1BC /* Sources */,
				FDFE68DF227FFCC20045C1BC /* Frameworks */,
				FDFE68E0227FFCC20045C1BC /* Resources */,
			);
			buildRules = (
			);
			dependencies = (
			);
			name = "09-无侵入埋点";
			productName = "09-无侵入埋点";
			productReference = FDFE68E2227FFCC20045C1BC /* 09-无侵入埋点.app */;
			productType = "com.apple.product-type.application";
		};
		FDFE68F9227FFCC40045C1BC /* 09-无侵入埋点Tests */ = {
			isa = PBXNativeTarget;
			buildConfigurationList = FDFE6911227FFCC40045C1BC /* Build configuration list for PBXNativeTarget "09-无侵入埋点Tests" */;
			buildPhases = (
				FDFE68F6227FFCC40045C1BC /* Sources */,
				FDFE68F7227FFCC40045C1BC /* Frameworks */,
				FDFE68F8227FFCC40045C1BC /* Resources */,
			);
			buildRules = (
			);
			dependencies = (
				FDFE68FC227FFCC40045C1BC /* PBXTargetDependency */,
			);
			name = "09-无侵入埋点Tests";
			productName = "09-无侵入埋点Tests";
			productReference = FDFE68FA227FFCC40045C1BC /* 09-无侵入埋点Tests.xctest */;
			productType = "com.apple.product-type.bundle.unit-test";
		};
		FDFE6904227FFCC40045C1BC /* 09-无侵入埋点UITests */ = {
			isa = PBXNativeTarget;
			buildConfigurationList = FDFE6914227FFCC40045C1BC /* Build configuration list for PBXNativeTarget "09-无侵入埋点UITests" */;
			buildPhases = (
				FDFE6901227FFCC40045C1BC /* Sources */,
				FDFE6902227FFCC40045C1BC /* Frameworks */,
				FDFE6903227FFCC40045C1BC /* Resources */,
			);
			buildRules = (
			);
			dependencies = (
				FDFE6907227FFCC40045C1BC /* PBXTargetDependency */,
			);
			name = "09-无侵入埋点UITests";
			productName = "09-无侵入埋点UITests";
			productReference = FDFE6905227FFCC40045C1BC /* 09-无侵入埋点UITests.xctest */;
			productType = "com.apple.product-type.bundle.ui-testing";
		};
/* End PBXNativeTarget section */

/* Begin PBXProject section */
		FDFE68DA227FFCC20045C1BC /* Project object */ = {
			isa = PBXProject;
			attributes = {
				LastUpgradeCheck = 1010;
				ORGANIZATIONNAME = yellow;
				TargetAttributes = {
					FDFE68E1227FFCC20045C1BC = {
						CreatedOnToolsVersion = 10.1;
					};
					FDFE68F9227FFCC40045C1BC = {
						CreatedOnToolsVersion = 10.1;
						TestTargetID = FDFE68E1227FFCC20045C1BC;
					};
					FDFE6904227FFCC40045C1BC = {
						CreatedOnToolsVersion = 10.1;
						TestTargetID = FDFE68E1227FFCC20045C1BC;
					};
				};
			};
			buildConfigurationList = FDFE68DD227FFCC20045C1BC /* Build configuration list for PBXProject "09-无侵入埋点" */;
			compatibilityVersion = "Xcode 9.3";
			developmentRegion = en;
			hasScannedForEncodings = 0;
			knownRegions = (
				en,
				Base,
			);
			mainGroup = FDFE68D9227FFCC20045C1BC;
			productRefGroup = FDFE68E3227FFCC20045C1BC /* Products */;
			projectDirPath = "";
			projectRoot = "";
			targets = (
				FDFE68E1227FFCC20045C1BC /* 09-无侵入埋点 */,
				FDFE68F9227FFCC40045C1BC /* 09-无侵入埋点Tests */,
				FDFE6904227FFCC40045C1BC /* 09-无侵入埋点UITests */,
			);
		};
/* End PBXProject section */

/* Begin PBXResourcesBuildPhase section */
		FDFE68E0227FFCC20045C1BC /* Resources */ = {
			isa = PBXResourcesBuildPhase;
			buildActionMask = 2147483647;
			files = (
				FDFE68F2227FFCC40045C1BC /* LaunchScreen.storyboard in Resources */,
				FDFE68EF227FFCC40045C1BC /* Assets.xcassets in Resources */,
				FDFE68ED227FFCC20045C1BC /* Main.storyboard in Resources */,
			);
			runOnlyForDeploymentPostprocessing = 0;
		};
		FDFE68F8227FFCC40045C1BC /* Resources */ = {
			isa = PBXResourcesBuildPhase;
			buildActionMask = 2147483647;
			files = (
			);
			runOnlyForDeploymentPostprocessing = 0;
		};
		FDFE6903227FFCC40045C1BC /* Resources */ = {
			isa = PBXResourcesBuildPhase;
			buildActionMask = 2147483647;
			files = (
			);
			runOnlyForDeploymentPostprocessing = 0;
		};
/* End PBXResourcesBuildPhase section */

/* Begin PBXSourcesBuildPhase section */
		FDFE68DE227FFCC20045C1BC /* Sources */ = {
			isa = PBXSourcesBuildPhase;
			buildActionMask = 2147483647;
			files = (
				FDFE68EA227FFCC20045C1BC /* ViewController.m in Sources */,
				FDFE691C227FFE160045C1BC /* JCBaseViewController.m in Sources */,
				FDFE692222800DD80045C1BC /* FirstViewController.m in Sources */,
				FDFE6919227FFCEA0045C1BC /* JCHook.m in Sources */,
				FDFE692E22801F9C0045C1BC /* JCBaseTableView.m in Sources */,
				FDFE692B22800F310045C1BC /* JCCommonViewController.m in Sources */,
				FDFE692522800DE40045C1BC /* SecondViewController.m in Sources */,
				FDFE692822800DF90045C1BC /* ThirdViewController.m in Sources */,
				FDFE691F228009EB0045C1BC /* JCBaseButton.m in Sources */,
				FDFE68F5227FFCC40045C1BC /* main.m in Sources */,
				FDFE68E7227FFCC20045C1BC /* AppDelegate.m in Sources */,
			);
			runOnlyForDeploymentPostprocessing = 0;
		};
		FDFE68F6227FFCC40045C1BC /* Sources */ = {
			isa = PBXSourcesBuildPhase;
			buildActionMask = 2147483647;
			files = (
				FDFE68FF227FFCC40045C1BC /* _9______Tests.m in Sources */,
			);
			runOnlyForDeploymentPostprocessing = 0;
		};
		FDFE6901227FFCC40045C1BC /* Sources */ = {
			isa = PBXSourcesBuildPhase;
			buildActionMask = 2147483647;
			files = (
				FDFE690A227FFCC40045C1BC /* _9______UITests.m in Sources */,
			);
			runOnlyForDeploymentPostprocessing = 0;
		};
/* End PBXSourcesBuildPhase section */

/* Begin PBXTargetDependency section */
		FDFE68FC227FFCC40045C1BC /* PBXTargetDependency */ = {
			isa = PBXTargetDependency;
			target = FDFE68E1227FFCC20045C1BC /* 09-无侵入埋点 */;
			targetProxy = FDFE68FB227FFCC40045C1BC /* PBXContainerItemProxy */;
		};
		FDFE6907227FFCC40045C1BC /* PBXTargetDependency */ = {
			isa = PBXTargetDependency;
			target = FDFE68E1227FFCC20045C1BC /* 09-无侵入埋点 */;
			targetProxy = FDFE6906227FFCC40045C1BC /* PBXContainerItemProxy */;
		};
/* End PBXTargetDependency section */

/* Begin PBXVariantGroup section */
		FDFE68EB227FFCC20045C1BC /* Main.storyboard */ = {
			isa = PBXVariantGroup;
			children = (
				FDFE68EC227FFCC20045C1BC /* Base */,
			);
			name = Main.storyboard;
			sourceTree = "<group>";
		};
		FDFE68F0227FFCC40045C1BC /* LaunchScreen.storyboard */ = {
			isa = PBXVariantGroup;
			children = (
				FDFE68F1227FFCC40045C1BC /* Base */,
			);
			name = LaunchScreen.storyboard;
			sourceTree = "<group>";
		};
/* End PBXVariantGroup section */

/* Begin XCBuildConfiguration section */
		FDFE690C227FFCC40045C1BC /* Debug */ = {
			isa = XCBuildConfiguration;
			buildSettings = {
				ALWAYS_SEARCH_USER_PATHS = NO;
				CLANG_ANALYZER_NONNULL = YES;
				CLANG_ANALYZER_NUMBER_OBJECT_CONVERSION = YES_AGGRESSIVE;
				CLANG_CXX_LANGUAGE_STANDARD = "gnu++14";
				CLANG_CXX_LIBRARY = "libc++";
				CLANG_ENABLE_MODULES = YES;
				CLANG_ENABLE_OBJC_ARC = YES;
				CLANG_ENABLE_OBJC_WEAK = YES;
				CLANG_WARN_BLOCK_CAPTURE_AUTORELEASING = YES;
				CLANG_WARN_BOOL_CONVERSION = YES;
				CLANG_WARN_COMMA = YES;
				CLANG_WARN_CONSTANT_CONVERSION = YES;
				CLANG_WARN_DEPRECATED_OBJC_IMPLEMENTATIONS = YES;
				CLANG_WARN_DIRECT_OBJC_ISA_USAGE = YES_ERROR;
				CLANG_WARN_DOCUMENTATION_COMMENTS = YES;
				CLANG_WARN_EMPTY_BODY = YES;
				CLANG_WARN_ENUM_CONVERSION = YES;
				CLANG_WARN_INFINITE_RECURSION = YES;
				CLANG_WARN_INT_CONVERSION = YES;
				CLANG_WARN_NON_LITERAL_NULL_CONVERSION = YES;
				CLANG_WARN_OBJC_IMPLICIT_RETAIN_SELF = YES;
				CLANG_WARN_OBJC_LITERAL_CONVERSION = YES;
				CLANG_WARN_OBJC_ROOT_CLASS = YES_ERROR;
				CLANG_WARN_RANGE_LOOP_ANALYSIS = YES;
				CLANG_WARN_STRICT_PROTOTYPES = YES;
				CLANG_WARN_SUSPICIOUS_MOVE = YES;
				CLANG_WARN_UNGUARDED_AVAILABILITY = YES_AGGRESSIVE;
				CLANG_WARN_UNREACHABLE_CODE = YES;
				CLANG_WARN__DUPLICATE_METHOD_MATCH = YES;
				CODE_SIGN_IDENTITY = "iPhone Developer";
				COPY_PHASE_STRIP = NO;
				DEBUG_INFORMATION_FORMAT = dwarf;
				ENABLE_STRICT_OBJC_MSGSEND = YES;
				ENABLE_TESTABILITY = YES;
				GCC_C_LANGUAGE_STANDARD = gnu11;
				GCC_DYNAMIC_NO_PIC = NO;
				GCC_NO_COMMON_BLOCKS = YES;
				GCC_OPTIMIZATION_LEVEL = 0;
				GCC_PREPROCESSOR_DEFINITIONS = (
					"DEBUG=1",
					"$(inherited)",
				);
				GCC_WARN_64_TO_32_BIT_CONVERSION = YES;
				GCC_WARN_ABOUT_RETURN_TYPE = YES_ERROR;
				GCC_WARN_UNDECLARED_SELECTOR = YES;
				GCC_WARN_UNINITIALIZED_AUTOS = YES_AGGRESSIVE;
				GCC_WARN_UNUSED_FUNCTION = YES;
				GCC_WARN_UNUSED_VARIABLE = YES;
				IPHONEOS_DEPLOYMENT_TARGET = 12.1;
				MTL_ENABLE_DEBUG_INFO = INCLUDE_SOURCE;
				MTL_FAST_MATH = YES;
				ONLY_ACTIVE_ARCH = YES;
				SDKROOT = iphoneos;
			};
			name = Debug;
		};
		FDFE690D227FFCC40045C1BC /* Release */ = {
			isa = XCBuildConfiguration;
			buildSettings = {
				ALWAYS_SEARCH_USER_PATHS = NO;
				CLANG_ANALYZER_NONNULL = YES;
				CLANG_ANALYZER_NUMBER_OBJECT_CONVERSION = YES_AGGRESSIVE;
				CLANG_CXX_LANGUAGE_STANDARD = "gnu++14";
				CLANG_CXX_LIBRARY = "libc++";
				CLANG_ENABLE_MODULES = YES;
				CLANG_ENABLE_OBJC_ARC = YES;
				CLANG_ENABLE_OBJC_WEAK = YES;
				CLANG_WARN_BLOCK_CAPTURE_AUTORELEASING = YES;
				CLANG_WARN_BOOL_CONVERSION = YES;
				CLANG_WARN_COMMA = YES;
				CLANG_WARN_CONSTANT_CONVERSION = YES;
				CLANG_WARN_DEPRECATED_OBJC_IMPLEMENTATIONS = YES;
				CLANG_WARN_DIRECT_OBJC_ISA_USAGE = YES_ERROR;
				CLANG_WARN_DOCUMENTATION_COMMENTS = YES;
				CLANG_WARN_EMPTY_BODY = YES;
				CLANG_WARN_ENUM_CONVERSION = YES;
				CLANG_WARN_INFINITE_RECURSION = YES;
				CLANG_WARN_INT_CONVERSION = YES;
				CLANG_WARN_NON_LITERAL_NULL_CONVERSION = YES;
				CLANG_WARN_OBJC_IMPLICIT_RETAIN_SELF = YES;
				CLANG_WARN_OBJC_LITERAL_CONVERSION = YES;
				CLANG_WARN_OBJC_ROOT_CLASS = YES_ERROR;
				CLANG_WARN_RANGE_LOOP_ANALYSIS = YES;
				CLANG_WARN_STRICT_PROTOTYPES = YES;
				CLANG_WARN_SUSPICIOUS_MOVE = YES;
				CLANG_WARN_UNGUARDED_AVAILABILITY = YES_AGGRESSIVE;
				CLANG_WARN_UNREACHABLE_CODE = YES;
				CLANG_WARN__DUPLICATE_METHOD_MATCH = YES;
				CODE_SIGN_IDENTITY = "iPhone Developer";
				COPY_PHASE_STRIP = NO;
				DEBUG_INFORMATION_FORMAT = "dwarf-with-dsym";
				ENABLE_NS_ASSERTIONS = NO;
				ENABLE_STRICT_OBJC_MSGSEND = YES;
				GCC_C_LANGUAGE_STANDARD = gnu11;
				GCC_NO_COMMON_BLOCKS = YES;
				GCC_WARN_64_TO_32_BIT_CONVERSION = YES;
				GCC_WARN_ABOUT_RETURN_TYPE = YES_ERROR;
				GCC_WARN_UNDECLARED_SELECTOR = YES;
				GCC_WARN_UNINITIALIZED_AUTOS = YES_AGGRESSIVE;
				GCC_WARN_UNUSED_FUNCTION = YES;
				GCC_WARN_UNUSED_VARIABLE = YES;
				IPHONEOS_DEPLOYMENT_TARGET = 12.1;
				MTL_ENABLE_DEBUG_INFO = NO;
				MTL_FAST_MATH = YES;
				SDKROOT = iphoneos;
				VALIDATE_PRODUCT = YES;
			};
			name = Release;
		};
		FDFE690F227FFCC40045C1BC /* Debug */ = {
			isa = XCBuildConfiguration;
			buildSettings = {
				ASSETCATALOG_COMPILER_APPICON_NAME = AppIcon;
				CODE_SIGN_STYLE = Automatic;
				INFOPLIST_FILE = "09-无侵入埋点/Info.plist";
				LD_RUNPATH_SEARCH_PATHS = (
					"$(inherited)",
					"@executable_path/Frameworks",
				);
				PRODUCT_BUNDLE_IDENTIFIER = "yellow.-9------";
				PRODUCT_NAME = "$(TARGET_NAME)";
				TARGETED_DEVICE_FAMILY = "1,2";
			};
			name = Debug;
		};
		FDFE6910227FFCC40045C1BC /* Release */ = {
			isa = XCBuildConfiguration;
			buildSettings = {
				ASSETCATALOG_COMPILER_APPICON_NAME = AppIcon;
				CODE_SIGN_STYLE = Automatic;
				INFOPLIST_FILE = "09-无侵入埋点/Info.plist";
				LD_RUNPATH_SEARCH_PATHS = (
					"$(inherited)",
					"@executable_path/Frameworks",
				);
				PRODUCT_BUNDLE_IDENTIFIER = "yellow.-9------";
				PRODUCT_NAME = "$(TARGET_NAME)";
				TARGETED_DEVICE_FAMILY = "1,2";
			};
			name = Release;
		};
		FDFE6912227FFCC40045C1BC /* Debug */ = {
			isa = XCBuildConfiguration;
			buildSettings = {
				BUNDLE_LOADER = "$(TEST_HOST)";
				CODE_SIGN_STYLE = Automatic;
				INFOPLIST_FILE = "09-无侵入埋点Tests/Info.plist";
				LD_RUNPATH_SEARCH_PATHS = (
					"$(inherited)",
					"@executable_path/Frameworks",
					"@loader_path/Frameworks",
				);
				PRODUCT_BUNDLE_IDENTIFIER = "yellow.-9------Tests";
				PRODUCT_NAME = "$(TARGET_NAME)";
				TARGETED_DEVICE_FAMILY = "1,2";
				TEST_HOST = "$(BUILT_PRODUCTS_DIR)/09-无侵入埋点.app/09-无侵入埋点";
			};
			name = Debug;
		};
		FDFE6913227FFCC40045C1BC /* Release */ = {
			isa = XCBuildConfiguration;
			buildSettings = {
				BUNDLE_LOADER = "$(TEST_HOST)";
				CODE_SIGN_STYLE = Automatic;
				INFOPLIST_FILE = "09-无侵入埋点Tests/Info.plist";
				LD_RUNPATH_SEARCH_PATHS = (
					"$(inherited)",
					"@executable_path/Frameworks",
					"@loader_path/Frameworks",
				);
				PRODUCT_BUNDLE_IDENTIFIER = "yellow.-9------Tests";
				PRODUCT_NAME = "$(TARGET_NAME)";
				TARGETED_DEVICE_FAMILY = "1,2";
				TEST_HOST = "$(BUILT_PRODUCTS_DIR)/09-无侵入埋点.app/09-无侵入埋点";
			};
			name = Release;
		};
		FDFE6915227FFCC40045C1BC /* Debug */ = {
			isa = XCBuildConfiguration;
			buildSettings = {
				CODE_SIGN_STYLE = Automatic;
				INFOPLIST_FILE = "09-无侵入埋点UITests/Info.plist";
				LD_RUNPATH_SEARCH_PATHS = (
					"$(inherited)",
					"@executable_path/Frameworks",
					"@loader_path/Frameworks",
				);
				PRODUCT_BUNDLE_IDENTIFIER = "yellow.-9------UITests";
				PRODUCT_NAME = "$(TARGET_NAME)";
				TARGETED_DEVICE_FAMILY = "1,2";
				TEST_TARGET_NAME = "09-无侵入埋点";
			};
			name = Debug;
		};
		FDFE6916227FFCC40045C1BC /* Release */ = {
			isa = XCBuildConfiguration;
			buildSettings = {
				CODE_SIGN_STYLE = Automatic;
				INFOPLIST_FILE = "09-无侵入埋点UITests/Info.plist";
				LD_RUNPATH_SEARCH_PATHS = (
					"$(inherited)",
					"@executable_path/Frameworks",
					"@loader_path/Frameworks",
				);
				PRODUCT_BUNDLE_IDENTIFIER = "yellow.-9------UITests";
				PRODUCT_NAME = "$(TARGET_NAME)";
				TARGETED_DEVICE_FAMILY = "1,2";
				TEST_TARGET_NAME = "09-无侵入埋点";
			};
			name = Release;
		};
/* End XCBuildConfiguration section */

/* Begin XCConfigurationList section */
		FDFE68DD227FFCC20045C1BC /* Build configuration list for PBXProject "09-无侵入埋点" */ = {
			isa = XCConfigurationList;
			buildConfigurations = (
				FDFE690C227FFCC40045C1BC /* Debug */,
				FDFE690D227FFCC40045C1BC /* Release */,
			);
			defaultConfigurationIsVisible = 0;
			defaultConfigurationName = Release;
		};
		FDFE690E227FFCC40045C1BC /* Build configuration list for PBXNativeTarget "09-无侵入埋点" */ = {
			isa = XCConfigurationList;
			buildConfigurations = (
				FDFE690F227FFCC40045C1BC /* Debug */,
				FDFE6910227FFCC40045C1BC /* Release */,
			);
			defaultConfigurationIsVisible = 0;
			defaultConfigurationName = Release;
		};
		FDFE6911227FFCC40045C1BC /* Build configuration list for PBXNativeTarget "09-无侵入埋点Tests" */ = {
			isa = XCConfigurationList;
			buildConfigurations = (
				FDFE6912227FFCC40045C1BC /* Debug */,
				FDFE6913227FFCC40045C1BC /* Release */,
			);
			defaultConfigurationIsVisible = 0;
			defaultConfigurationName = Release;
		};
		FDFE6914227FFCC40045C1BC /* Build configuration list for PBXNativeTarget "09-无侵入埋点UITests" */ = {
			isa = XCConfigurationList;
			buildConfigurations = (
				FDFE6915227FFCC40045C1BC /* Debug */,
				FDFE6916227FFCC40045C1BC /* Release */,
			);
			defaultConfigurationIsVisible = 0;
			defaultConfigurationName = Release;
		};
/* End XCConfigurationList section */
	};
	rootObject = FDFE68DA227FFCC20045C1BC /* Project object */;
}
